
Microsoft Visual Studio Solution File, Format Version 12.00
# Visual Studio Version 17
VisualStudioVersion = 17.10.35013.160
MinimumVisualStudioVersion = 10.0.40219.1
Project("{FAE04EC0-301F-11D3-BF4B-00C04F79EFBC}") = "Fundamentals", "Fundamentals\Fundamentals.csproj", "{5A968163-E1CA-455B-AB64-A1F0259F6310}"
EndProject
Global
	GlobalSection(SolutionConfigurationPlatforms) = preSolution
		Debug|Any CPU = Debug|Any CPU
		Release|Any CPU = Release|Any CPU
	EndGlobalSection
	GlobalSection(ProjectConfigurationPlatforms) = postSolution
		{5A968163-E1CA-455B-AB64-A1F0259F6310}.Debug|Any CPU.ActiveCfg = Debug|Any CPU
		{5A968163-E1CA-455B-AB64-A1F0259F6310}.Debug|Any CPU.Build.0 = Debug|Any CPU
		{5A968163-E1CA-455B-AB64-A1F0259F6310}.Release|Any CPU.ActiveCfg = Release|Any CPU
		{5A968163-E1CA-455B-AB64-A1F0259F6310}.Release|Any CPU.Build.0 = Release|Any CPU
	EndGlobalSection
	GlobalSection(SolutionProperties) = preSolution
		HideSolutionNode = FALSE
	EndGlobalSection
	GlobalSection(ExtensibilityGlobals) = postSolution
		SolutionGuid = {C6D09742-7731-4867-837D-3A5F78A43EEF}
	EndGlobalSection
EndGlobal
